// !$*UTF8*$!
{
	archiveVersion = 1;
	classes = {
	};
	objectVersion = 55;
	objects = {

/* Begin PBXBuildFile section */
		71BEBC21B160E40CF7632263 /* Pods_SaryTask.framework in Frameworks */ = {isa = PBXBuildFile; fileRef = AB2BC8A0D591C49C8B7628AF /* Pods_SaryTask.framework */; };
		7447AFD7281F2FE800A4E9C8 /* ResponseModel.swift in Sources */ = {isa = PBXBuildFile; fileRef = 7447AFD6281F2FE800A4E9C8 /* ResponseModel.swift */; };
		7447AFDF281F4FCF00A4E9C8 /* SaryTaskTests.swift in Sources */ = {isa = PBXBuildFile; fileRef = 7447AFDE281F4FCF00A4E9C8 /* SaryTaskTests.swift */; };
		74EBAFE12820AB2100F1293B /* BannerViewCell.swift in Sources */ = {isa = PBXBuildFile; fileRef = 74EBAFE02820AB2100F1293B /* BannerViewCell.swift */; };
		74EBAFE32820AB3000F1293B /* SmartViewCell.swift in Sources */ = {isa = PBXBuildFile; fileRef = 74EBAFE22820AB3000F1293B /* SmartViewCell.swift */; };
		74EBAFE52820AB4200F1293B /* GroupCollectionViewCell.swift in Sources */ = {isa = PBXBuildFile; fileRef = 74EBAFE42820AB4200F1293B /* GroupCollectionViewCell.swift */; };
		74EBAFEB2820AD1B00F1293B /* Alert Extenstion.swift in Sources */ = {isa = PBXBuildFile; fileRef = 74EBAFE72820AD1B00F1293B /* Alert Extenstion.swift */; };
		74EBAFED2820AD1B00F1293B /* UIView Constraints.swift in Sources */ = {isa = PBXBuildFile; fileRef = 74EBAFE92820AD1B00F1293B /* UIView Constraints.swift */; };
		74EBAFF02820B8E600F1293B /* HomeViewModel.swift in Sources */ = {isa = PBXBuildFile; fileRef = 74EBAFEF2820B8E600F1293B /* HomeViewModel.swift */; };
		74EBAFF22820C6A700F1293B /* BannerCollectionViewCell.swift in Sources */ = {isa = PBXBuildFile; fileRef = 74EBAFF12820C6A700F1293B /* BannerCollectionViewCell.swift */; };
		74EC1EBE281E1C7300C06E39 /* AppDelegate.swift in Sources */ = {isa = PBXBuildFile; fileRef = 74EC1EBD281E1C7300C06E39 /* AppDelegate.swift */; };
		74EC1EC2281E1C7300C06E39 /* HomeViewController.swift in Sources */ = {isa = PBXBuildFile; fileRef = 74EC1EC1281E1C7300C06E39 /* HomeViewController.swift */; };
		74EC1EC7281E1C7500C06E39 /* Assets.xcassets in Resources */ = {isa = PBXBuildFile; fileRef = 74EC1EC6281E1C7500C06E39 /* Assets.xcassets */; };
		74EC1ECA281E1C7500C06E39 /* LaunchScreen.storyboard in Resources */ = {isa = PBXBuildFile; fileRef = 74EC1EC8281E1C7500C06E39 /* LaunchScreen.storyboard */; };
		74EC1ED4281E202900C06E39 /* APIRouter.swift in Sources */ = {isa = PBXBuildFile; fileRef = 74EC1ED2281E202900C06E39 /* APIRouter.swift */; };
		74EC1ED5281E202900C06E39 /* HomeRepository.swift in Sources */ = {isa = PBXBuildFile; fileRef = 74EC1ED3281E202900C06E39 /* HomeRepository.swift */; };
/* End PBXBuildFile section */

/* Begin PBXContainerItemProxy section */
		7447AFE0281F4FCF00A4E9C8 /* PBXContainerItemProxy */ = {
			isa = PBXContainerItemProxy;
			containerPortal = 74EC1EB2281E1C7300C06E39 /* Project object */;
			proxyType = 1;
			remoteGlobalIDString = 74EC1EB9281E1C7300C06E39;
			remoteInfo = SaryTask;
		};
/* End PBXContainerItemProxy section */

/* Begin PBXFileReference section */
		610ACB234FBE2FEBEBAEB862 /* Pods-SaryTask.release.xcconfig */ = {isa = PBXFileReference; includeInIndex = 1; lastKnownFileType = text.xcconfig; name = "Pods-SaryTask.release.xcconfig"; path = "Target Support Files/Pods-SaryTask/Pods-SaryTask.release.xcconfig"; sourceTree = "<group>"; };
		7447AFD6281F2FE800A4E9C8 /* ResponseModel.swift */ = {isa = PBXFileReference; lastKnownFileType = sourcecode.swift; path = ResponseModel.swift; sourceTree = "<group>"; };
		7447AFDC281F4FCF00A4E9C8 /* SaryTaskTests.xctest */ = {isa = PBXFileReference; explicitFileType = wrapper.cfbundle; includeInIndex = 0; path = SaryTaskTests.xctest; sourceTree = BUILT_PRODUCTS_DIR; };
		7447AFDE281F4FCF00A4E9C8 /* SaryTaskTests.swift */ = {isa = PBXFileReference; lastKnownFileType = sourcecode.swift; path = SaryTaskTests.swift; sourceTree = "<group>"; };
		74EBAFE02820AB2100F1293B /* BannerViewCell.swift */ = {isa = PBXFileReference; lastKnownFileType = sourcecode.swift; path = BannerViewCell.swift; sourceTree = "<group>"; };
		74EBAFE22820AB3000F1293B /* SmartViewCell.swift */ = {isa = PBXFileReference; lastKnownFileType = sourcecode.swift; path = SmartViewCell.swift; sourceTree = "<group>"; };
		74EBAFE42820AB4200F1293B /* GroupCollectionViewCell.swift */ = {isa = PBXFileReference; lastKnownFileType = sourcecode.swift; path = GroupCollectionViewCell.swift; sourceTree = "<group>"; };
		74EBAFE72820AD1B00F1293B /* Alert Extenstion.swift */ = {isa = PBXFileReference; fileEncoding = 4; lastKnownFileType = sourcecode.swift; path = "Alert Extenstion.swift"; sourceTree = "<group>"; };
		74EBAFE92820AD1B00F1293B /* UIView Constraints.swift */ = {isa = PBXFileReference; fileEncoding = 4; lastKnownFileType = sourcecode.swift; path = "UIView Constraints.swift"; sourceTree = "<group>"; };
		74EBAFEF2820B8E600F1293B /* HomeViewModel.swift */ = {isa = PBXFileReference; lastKnownFileType = sourcecode.swift; path = HomeViewModel.swift; sourceTree = "<group>"; };
		74EBAFF12820C6A700F1293B /* BannerCollectionViewCell.swift */ = {isa = PBXFileReference; lastKnownFileType = sourcecode.swift; path = BannerCollectionViewCell.swift; sourceTree = "<group>"; };
		74EC1EBA281E1C7300C06E39 /* SaryTask.app */ = {isa = PBXFileReference; explicitFileType = wrapper.application; includeInIndex = 0; path = SaryTask.app; sourceTree = BUILT_PRODUCTS_DIR; };
		74EC1EBD281E1C7300C06E39 /* AppDelegate.swift */ = {isa = PBXFileReference; lastKnownFileType = sourcecode.swift; path = AppDelegate.swift; sourceTree = "<group>"; };
		74EC1EC1281E1C7300C06E39 /* HomeViewController.swift */ = {isa = PBXFileReference; lastKnownFileType = sourcecode.swift; path = HomeViewController.swift; sourceTree = "<group>"; };
		74EC1EC6281E1C7500C06E39 /* Assets.xcassets */ = {isa = PBXFileReference; lastKnownFileType = folder.assetcatalog; path = Assets.xcassets; sourceTree = "<group>"; };
		74EC1EC9281E1C7500C06E39 /* Base */ = {isa = PBXFileReference; lastKnownFileType = file.storyboard; name = Base; path = Base.lproj/LaunchScreen.storyboard; sourceTree = "<group>"; };
		74EC1ECB281E1C7500C06E39 /* Info.plist */ = {isa = PBXFileReference; lastKnownFileType = text.plist.xml; path = Info.plist; sourceTree = "<group>"; };
		74EC1ED2281E202900C06E39 /* APIRouter.swift */ = {isa = PBXFileReference; fileEncoding = 4; lastKnownFileType = sourcecode.swift; path = APIRouter.swift; sourceTree = "<group>"; };
		74EC1ED3281E202900C06E39 /* HomeRepository.swift */ = {isa = PBXFileReference; fileEncoding = 4; lastKnownFileType = sourcecode.swift; path = HomeRepository.swift; sourceTree = "<group>"; };
		AB2BC8A0D591C49C8B7628AF /* Pods_SaryTask.framework */ = {isa = PBXFileReference; explicitFileType = wrapper.framework; includeInIndex = 0; path = Pods_SaryTask.framework; sourceTree = BUILT_PRODUCTS_DIR; };
		F8AF58B3750220101B763975 /* Pods-SaryTask.debug.xcconfig */ = {isa = PBXFileReference; includeInIndex = 1; lastKnownFileType = text.xcconfig; name = "Pods-SaryTask.debug.xcconfig"; path = "Target Support Files/Pods-SaryTask/Pods-SaryTask.debug.xcconfig"; sourceTree = "<group>"; };
/* End PBXFileReference section */

/* Begin PBXFrameworksBuildPhase section */
		7447AFD9281F4FCF00A4E9C8 /* Frameworks */ = {
			isa = PBXFrameworksBuildPhase;
			buildActionMask = 2147483647;
			files = (
			);
			runOnlyForDeploymentPostprocessing = 0;
		};
		74EC1EB7281E1C7300C06E39 /* Frameworks */ = {
			isa = PBXFrameworksBuildPhase;
			buildActionMask = 2147483647;
			files = (
				71BEBC21B160E40CF7632263 /* Pods_SaryTask.framework in Frameworks */,
			);
			runOnlyForDeploymentPostprocessing = 0;
		};
/* End PBXFrameworksBuildPhase section */

/* Begin PBXGroup section */
		1B1215476912BEC01A19AD1A /* Frameworks */ = {
			isa = PBXGroup;
			children = (
				AB2BC8A0D591C49C8B7628AF /* Pods_SaryTask.framework */,
			);
			name = Frameworks;
			sourceTree = "<group>";
		};
		4204E9F423B5361C6424CE13 /* Pods */ = {
			isa = PBXGroup;
			children = (
				F8AF58B3750220101B763975 /* Pods-SaryTask.debug.xcconfig */,
				610ACB234FBE2FEBEBAEB862 /* Pods-SaryTask.release.xcconfig */,
			);
			path = Pods;
			sourceTree = "<group>";
		};
		7447AFDD281F4FCF00A4E9C8 /* SaryTaskTests */ = {
			isa = PBXGroup;
			children = (
				7447AFDE281F4FCF00A4E9C8 /* SaryTaskTests.swift */,
			);
			path = SaryTaskTests;
			sourceTree = "<group>";
		};
		74EBAFE62820AD1B00F1293B /* Extensions */ = {
			isa = PBXGroup;
			children = (
				74EBAFE72820AD1B00F1293B /* Alert Extenstion.swift */,
				74EBAFE92820AD1B00F1293B /* UIView Constraints.swift */,
			);
			path = Extensions;
			sourceTree = "<group>";
		};
		74EC1EB1281E1C7300C06E39 = {
			isa = PBXGroup;
			children = (
				74EC1EBC281E1C7300C06E39 /* SaryTask */,
				7447AFDD281F4FCF00A4E9C8 /* SaryTaskTests */,
				74EC1EBB281E1C7300C06E39 /* Products */,
				4204E9F423B5361C6424CE13 /* Pods */,
				1B1215476912BEC01A19AD1A /* Frameworks */,
			);
			sourceTree = "<group>";
		};
		74EC1EBB281E1C7300C06E39 /* Products */ = {
			isa = PBXGroup;
			children = (
				74EC1EBA281E1C7300C06E39 /* SaryTask.app */,
				7447AFDC281F4FCF00A4E9C8 /* SaryTaskTests.xctest */,
			);
			name = Products;
			sourceTree = "<group>";
		};
		74EC1EBC281E1C7300C06E39 /* SaryTask */ = {
			isa = PBXGroup;
			children = (
				74EBAFE62820AD1B00F1293B /* Extensions */,
				74EC1ED8281E205B00C06E39 /* ViewModel */,
				74EC1ED7281E205300C06E39 /* Model */,
				74EC1ED6281E203100C06E39 /* View */,
				74EC1ED1281E202900C06E39 /* Repository */,
				74EC1EBD281E1C7300C06E39 /* AppDelegate.swift */,
				74EC1EC6281E1C7500C06E39 /* Assets.xcassets */,
				74EC1EC8281E1C7500C06E39 /* LaunchScreen.storyboard */,
				74EC1ECB281E1C7500C06E39 /* Info.plist */,
			);
			path = SaryTask;
			sourceTree = "<group>";
		};
		74EC1ED1281E202900C06E39 /* Repository */ = {
			isa = PBXGroup;
			children = (
				74EC1ED2281E202900C06E39 /* APIRouter.swift */,
				74EC1ED3281E202900C06E39 /* HomeRepository.swift */,
			);
			path = Repository;
			sourceTree = "<group>";
		};
		74EC1ED6281E203100C06E39 /* View */ = {
			isa = PBXGroup;
			children = (
				74EC1EC1281E1C7300C06E39 /* HomeViewController.swift */,
				74EBAFE02820AB2100F1293B /* BannerViewCell.swift */,
				74EBAFF12820C6A700F1293B /* BannerCollectionViewCell.swift */,
				74EBAFE22820AB3000F1293B /* SmartViewCell.swift */,
				74EBAFE42820AB4200F1293B /* GroupCollectionViewCell.swift */,
			);
			path = View;
			sourceTree = "<group>";
		};
		74EC1ED7281E205300C06E39 /* Model */ = {
			isa = PBXGroup;
			children = (
				7447AFD6281F2FE800A4E9C8 /* ResponseModel.swift */,
			);
			path = Model;
			sourceTree = "<group>";
		};
		74EC1ED8281E205B00C06E39 /* ViewModel */ = {
			isa = PBXGroup;
			children = (
				74EBAFEF2820B8E600F1293B /* HomeViewModel.swift */,
			);
			path = ViewModel;
			sourceTree = "<group>";
		};
/* End PBXGroup section */

/* Begin PBXNativeTarget section */
		7447AFDB281F4FCF00A4E9C8 /* SaryTaskTests */ = {
			isa = PBXNativeTarget;
			buildConfigurationList = 7447AFE2281F4FCF00A4E9C8 /* Build configuration list for PBXNativeTarget "SaryTaskTests" */;
			buildPhases = (
				7447AFD8281F4FCF00A4E9C8 /* Sources */,
				7447AFD9281F4FCF00A4E9C8 /* Frameworks */,
				7447AFDA281F4FCF00A4E9C8 /* Resources */,
			);
			buildRules = (
			);
			dependencies = (
				7447AFE1281F4FCF00A4E9C8 /* PBXTargetDependency */,
			);
			name = SaryTaskTests;
			productName = SaryTaskTests;
			productReference = 7447AFDC281F4FCF00A4E9C8 /* SaryTaskTests.xctest */;
			productType = "com.apple.product-type.bundle.unit-test";
		};
		74EC1EB9281E1C7300C06E39 /* SaryTask */ = {
			isa = PBXNativeTarget;
			buildConfigurationList = 74EC1ECE281E1C7500C06E39 /* Build configuration list for PBXNativeTarget "SaryTask" */;
			buildPhases = (
				77FD0478E11216413898DE27 /* [CP] Check Pods Manifest.lock */,
				74EC1EB6281E1C7300C06E39 /* Sources */,
				74EC1EB7281E1C7300C06E39 /* Frameworks */,
				74EC1EB8281E1C7300C06E39 /* Resources */,
				F6BBCBFBDDDD2DEA2CC21B8F /* [CP] Embed Pods Frameworks */,
			);
			buildRules = (
			);
			dependencies = (
			);
			name = SaryTask;
			productName = SaryTask;
			productReference = 74EC1EBA281E1C7300C06E39 /* SaryTask.app */;
			productType = "com.apple.product-type.application";
		};
/* End PBXNativeTarget section */

/* Begin PBXProject section */
		74EC1EB2281E1C7300C06E39 /* Project object */ = {
			isa = PBXProject;
			attributes = {
				BuildIndependentTargetsInParallel = 1;
				LastSwiftUpdateCheck = 1320;
				LastUpgradeCheck = 1320;
				TargetAttributes = {
					7447AFDB281F4FCF00A4E9C8 = {
						CreatedOnToolsVersion = 13.2.1;
						TestTargetID = 74EC1EB9281E1C7300C06E39;
					};
					74EC1EB9281E1C7300C06E39 = {
						CreatedOnToolsVersion = 13.2.1;
					};
				};
			};
			buildConfigurationList = 74EC1EB5281E1C7300C06E39 /* Build configuration list for PBXProject "SaryTask" */;
			compatibilityVersion = "Xcode 13.0";
			developmentRegion = en;
			hasScannedForEncodings = 0;
			knownRegions = (
				en,
				Base,
			);
			mainGroup = 74EC1EB1281E1C7300C06E39;
			productRefGroup = 74EC1EBB281E1C7300C06E39 /* Products */;
			projectDirPath = "";
			projectRoot = "";
			targets = (
				74EC1EB9281E1C7300C06E39 /* SaryTask */,
				7447AFDB281F4FCF00A4E9C8 /* SaryTaskTests */,
			);
		};
/* End PBXProject section */

/* Begin PBXResourcesBuildPhase section */
		7447AFDA281F4FCF00A4E9C8 /* Resources */ = {
			isa = PBXResourcesBuildPhase;
			buildActionMask = 2147483647;
			files = (
			);
			runOnlyForDeploymentPostprocessing = 0;
		};
		74EC1EB8281E1C7300C06E39 /* Resources */ = {
			isa = PBXResourcesBuildPhase;
			buildActionMask = 2147483647;
			files = (
				74EC1ECA281E1C7500C06E39 /* LaunchScreen.storyboard in Resources */,
				74EC1EC7281E1C7500C06E39 /* Assets.xcassets in Resources */,
			);
			runOnlyForDeploymentPostprocessing = 0;
		};
/* End PBXResourcesBuildPhase section */

/* Begin PBXShellScriptBuildPhase section */
		77FD0478E11216413898DE27 /* [CP] Check Pods Manifest.lock */ = {
			isa = PBXShellScriptBuildPhase;
			buildActionMask = 2147483647;
			files = (
			);
			inputFileListPaths = (
			);
			inputPaths = (
				"${PODS_PODFILE_DIR_PATH}/Podfile.lock",
				"${PODS_ROOT}/Manifest.lock",
			);
			name = "[CP] Check Pods Manifest.lock";
			outputFileListPaths = (
			);
			outputPaths = (
				"$(DERIVED_FILE_DIR)/Pods-SaryTask-checkManifestLockResult.txt",
			);
			runOnlyForDeploymentPostprocessing = 0;
			shellPath = /bin/sh;
			shellScript = "diff \"${PODS_PODFILE_DIR_PATH}/Podfile.lock\" \"${PODS_ROOT}/Manifest.lock\" > /dev/null\nif [ $? != 0 ] ; then\n    # print error to STDERR\n    echo \"error: The sandbox is not in sync with the Podfile.lock. Run 'pod install' or update your CocoaPods installation.\" >&2\n    exit 1\nfi\n# This output is used by Xcode 'outputs' to avoid re-running this script phase.\necho \"SUCCESS\" > \"${SCRIPT_OUTPUT_FILE_0}\"\n";
			showEnvVarsInLog = 0;
		};
		F6BBCBFBDDDD2DEA2CC21B8F /* [CP] Embed Pods Frameworks */ = {
			isa = PBXShellScriptBuildPhase;
			buildActionMask = 2147483647;
			files = (
			);
			inputFileListPaths = (
				"${PODS_ROOT}/Target Support Files/Pods-SaryTask/Pods-SaryTask-frameworks-${CONFIGURATION}-input-files.xcfilelist",
			);
			name = "[CP] Embed Pods Frameworks";
			outputFileListPaths = (
				"${PODS_ROOT}/Target Support Files/Pods-SaryTask/Pods-SaryTask-frameworks-${CONFIGURATION}-output-files.xcfilelist",
			);
			runOnlyForDeploymentPostprocessing = 0;
			shellPath = /bin/sh;
			shellScript = "\"${PODS_ROOT}/Target Support Files/Pods-SaryTask/Pods-SaryTask-frameworks.sh\"\n";
			showEnvVarsInLog = 0;
		};
/* End PBXShellScriptBuildPhase section */

/* Begin PBXSourcesBuildPhase section */
		7447AFD8281F4FCF00A4E9C8 /* Sources */ = {
			isa = PBXSourcesBuildPhase;
			buildActionMask = 2147483647;
			files = (
				7447AFDF281F4FCF00A4E9C8 /* SaryTaskTests.swift in Sources */,
			);
			runOnlyForDeploymentPostprocessing = 0;
		};
		74EC1EB6281E1C7300C06E39 /* Sources */ = {
			isa = PBXSourcesBuildPhase;
			buildActionMask = 2147483647;
			files = (
				74EBAFE32820AB3000F1293B /* SmartViewCell.swift in Sources */,
				74EBAFF02820B8E600F1293B /* HomeViewModel.swift in Sources */,
				74EBAFE12820AB2100F1293B /* BannerViewCell.swift in Sources */,
				74EC1EC2281E1C7300C06E39 /* HomeViewController.swift in Sources */,
				74EC1ED4281E202900C06E39 /* APIRouter.swift in Sources */,
				74EBAFE52820AB4200F1293B /* GroupCollectionViewCell.swift in Sources */,
				74EBAFF22820C6A700F1293B /* BannerCollectionViewCell.swift in Sources */,
				74EBAFEB2820AD1B00F1293B /* Alert Extenstion.swift in Sources */,
				74EC1ED5281E202900C06E39 /* HomeRepository.swift in Sources */,
				74EC1EBE281E1C7300C06E39 /* AppDelegate.swift in Sources */,
				7447AFD7281F2FE800A4E9C8 /* ResponseModel.swift in Sources */,
				74EBAFED2820AD1B00F1293B /* UIView Constraints.swift in Sources */,
			);
			runOnlyForDeploymentPostprocessing = 0;
		};
/* End PBXSourcesBuildPhase section */

/* Begin PBXTargetDependency section */
		7447AFE1281F4FCF00A4E9C8 /* PBXTargetDependency */ = {
			isa = PBXTargetDependency;
			target = 74EC1EB9281E1C7300C06E39 /* SaryTask */;
			targetProxy = 7447AFE0281F4FCF00A4E9C8 /* PBXContainerItemProxy */;
		};
/* End PBXTargetDependency section */

/* Begin PBXVariantGroup section */
		74EC1EC8281E1C7500C06E39 /* LaunchScreen.storyboard */ = {
			isa = PBXVariantGroup;
			children = (
				74EC1EC9281E1C7500C06E39 /* Base */,
			);
			name = LaunchScreen.storyboard;
			sourceTree = "<group>";
		};
/* End PBXVariantGroup section */

/* Begin XCBuildConfiguration section */
		7447AFE3281F4FCF00A4E9C8 /* Debug */ = {
			isa = XCBuildConfiguration;
			buildSettings = {
				BUNDLE_LOADER = "$(TEST_HOST)";
				CODE_SIGN_STYLE = Automatic;
				CURRENT_PROJECT_VERSION = 1;
				GENERATE_INFOPLIST_FILE = YES;
				IPHONEOS_DEPLOYMENT_TARGET = 15.2;
				MARKETING_VERSION = 1.0;
				PRODUCT_BUNDLE_IDENTIFIER = Sary.SaryTaskTests;
				PRODUCT_NAME = "$(TARGET_NAME)";
				SWIFT_EMIT_LOC_STRINGS = NO;
				SWIFT_VERSION = 5.0;
				TARGETED_DEVICE_FAMILY = "1,2";
				TEST_HOST = "$(BUILT_PRODUCTS_DIR)/SaryTask.app/SaryTask";
			};
			name = Debug;
		};
		7447AFE4281F4FCF00A4E9C8 /* Release */ = {
			isa = XCBuildConfiguration;
			buildSettings = {
				BUNDLE_LOADER = "$(TEST_HOST)";
				CODE_SIGN_STYLE = Automatic;
				CURRENT_PROJECT_VERSION = 1;
				GENERATE_INFOPLIST_FILE = YES;
				IPHONEOS_DEPLOYMENT_TARGET = 15.2;
				MARKETING_VERSION = 1.0;
				PRODUCT_BUNDLE_IDENTIFIER = Sary.SaryTaskTests;
				PRODUCT_NAME = "$(TARGET_NAME)";
				SWIFT_EMIT_LOC_STRINGS = NO;
				SWIFT_VERSION = 5.0;
				TARGETED_DEVICE_FAMILY = "1,2";
				TEST_HOST = "$(BUILT_PRODUCTS_DIR)/SaryTask.app/SaryTask";
			};
			name = Release;
		};
		74EC1ECC281E1C7500C06E39 /* Debug */ = {
			isa = XCBuildConfiguration;
			buildSettings = {
				ALWAYS_SEARCH_USER_PATHS = NO;
				CLANG_ANALYZER_NONNULL = YES;
				CLANG_ANALYZER_NUMBER_OBJECT_CONVERSION = YES_AGGRESSIVE;
				CLANG_CXX_LANGUAGE_STANDARD = "gnu++17";
				CLANG_CXX_LIBRARY = "libc++";
				CLANG_ENABLE_MODULES = YES;
				CLANG_ENABLE_OBJC_ARC = YES;
				CLANG_ENABLE_OBJC_WEAK = YES;
				CLANG_WARN_BLOCK_CAPTURE_AUTORELEASING = YES;
				CLANG_WARN_BOOL_CONVERSION = YES;
				CLANG_WARN_COMMA = YES;
				CLANG_WARN_CONSTANT_CONVERSION = YES;
				CLANG_WARN_DEPRECATED_OBJC_IMPLEMENTATIONS = YES;
				CLANG_WARN_DIRECT_OBJC_ISA_USAGE = YES_ERROR;
				CLANG_WARN_DOCUMENTATION_COMMENTS = YES;
				CLANG_WARN_EMPTY_BODY = YES;
				CLANG_WARN_ENUM_CONVERSION = YES;
				CLANG_WARN_INFINITE_RECURSION = YES;
				CLANG_WARN_INT_CONVERSION = YES;
				CLANG_WARN_NON_LITERAL_NULL_CONVERSION = YES;
				CLANG_WARN_OBJC_IMPLICIT_RETAIN_SELF = YES;
				CLANG_WARN_OBJC_LITERAL_CONVERSION = YES;
				CLANG_WARN_OBJC_ROOT_CLASS = YES_ERROR;
				CLANG_WARN_QUOTED_INCLUDE_IN_FRAMEWORK_HEADER = YES;
				CLANG_WARN_RANGE_LOOP_ANALYSIS = YES;
				CLANG_WARN_STRICT_PROTOTYPES = YES;
				CLANG_WARN_SUSPICIOUS_MOVE = YES;
				CLANG_WARN_UNGUARDED_AVAILABILITY = YES_AGGRESSIVE;
				CLANG_WARN_UNREACHABLE_CODE = YES;
				CLANG_WARN__DUPLICATE_METHOD_MATCH = YES;
				COPY_PHASE_STRIP = NO;
				DEBUG_INFORMATION_FORMAT = dwarf;
				ENABLE_STRICT_OBJC_MSGSEND = YES;
				ENABLE_TESTABILITY = YES;
				GCC_C_LANGUAGE_STANDARD = gnu11;
				GCC_DYNAMIC_NO_PIC = NO;
				GCC_NO_COMMON_BLOCKS = YES;
				GCC_OPTIMIZATION_LEVEL = 0;
				GCC_PREPROCESSOR_DEFINITIONS = (
					"DEBUG=1",
					"$(inherited)",
				);
				GCC_WARN_64_TO_32_BIT_CONVERSION = YES;
				GCC_WARN_ABOUT_RETURN_TYPE = YES_ERROR;
				GCC_WARN_UNDECLARED_SELECTOR = YES;
				GCC_WARN_UNINITIALIZED_AUTOS = YES_AGGRESSIVE;
				GCC_WARN_UNUSED_FUNCTION = YES;
				GCC_WARN_UNUSED_VARIABLE = YES;
				IPHONEOS_DEPLOYMENT_TARGET = 11.0;
				MTL_ENABLE_DEBUG_INFO = INCLUDE_SOURCE;
				MTL_FAST_MATH = YES;
				ONLY_ACTIVE_ARCH = YES;
				SDKROOT = iphoneos;
				SWIFT_ACTIVE_COMPILATION_CONDITIONS = DEBUG;
				SWIFT_OPTIMIZATION_LEVEL = "-Onone";
			};
			name = Debug;
		};
		74EC1ECD281E1C7500C06E39 /* Release */ = {
			isa = XCBuildConfiguration;
			buildSettings = {
				ALWAYS_SEARCH_USER_PATHS = NO;
				CLANG_ANALYZER_NONNULL = YES;
				CLANG_ANALYZER_NUMBER_OBJECT_CONVERSION = YES_AGGRESSIVE;
				CLANG_CXX_LANGUAGE_STANDARD = "gnu++17";
				CLANG_CXX_LIBRARY = "libc++";
				CLANG_ENABLE_MODULES = YES;
				CLANG_ENABLE_OBJC_ARC = YES;
				CLANG_ENABLE_OBJC_WEAK = YES;
				CLANG_WARN_BLOCK_CAPTURE_AUTORELEASING = YES;
				CLANG_WARN_BOOL_CONVERSION = YES;
				CLANG_WARN_COMMA = YES;
				CLANG_WARN_CONSTANT_CONVERSION = YES;
				CLANG_WARN_DEPRECATED_OBJC_IMPLEMENTATIONS = YES;
				CLANG_WARN_DIRECT_OBJC_ISA_USAGE = YES_ERROR;
				CLANG_WARN_DOCUMENTATION_COMMENTS = YES;
				CLANG_WARN_EMPTY_BODY = YES;
				CLANG_WARN_ENUM_CONVERSION = YES;
				CLANG_WARN_INFINITE_RECURSION = YES;
				CLANG_WARN_INT_CONVERSION = YES;
				CLANG_WARN_NON_LITERAL_NULL_CONVERSION = YES;
				CLANG_WARN_OBJC_IMPLICIT_RETAIN_SELF = YES;
				CLANG_WARN_OBJC_LITERAL_CONVERSION = YES;
				CLANG_WARN_OBJC_ROOT_CLASS = YES_ERROR;
				CLANG_WARN_QUOTED_INCLUDE_IN_FRAMEWORK_HEADER = YES;
				CLANG_WARN_RANGE_LOOP_ANALYSIS = YES;
				CLANG_WARN_STRICT_PROTOTYPES = YES;
				CLANG_WARN_SUSPICIOUS_MOVE = YES;
				CLANG_WARN_UNGUARDED_AVAILABILITY = YES_AGGRESSIVE;
				CLANG_WARN_UNREACHABLE_CODE = YES;
				CLANG_WARN__DUPLICATE_METHOD_MATCH = YES;
				COPY_PHASE_STRIP = NO;
				DEBUG_INFORMATION_FORMAT = "dwarf-with-dsym";
				ENABLE_NS_ASSERTIONS = NO;
				ENABLE_STRICT_OBJC_MSGSEND = YES;
				GCC_C_LANGUAGE_STANDARD = gnu11;
				GCC_NO_COMMON_BLOCKS = YES;
				GCC_WARN_64_TO_32_BIT_CONVERSION = YES;
				GCC_WARN_ABOUT_RETURN_TYPE = YES_ERROR;
				GCC_WARN_UNDECLARED_SELECTOR = YES;
				GCC_WARN_UNINITIALIZED_AUTOS = YES_AGGRESSIVE;
				GCC_WARN_UNUSED_FUNCTION = YES;
				GCC_WARN_UNUSED_VARIABLE = YES;
				IPHONEOS_DEPLOYMENT_TARGET = 11.0;
				MTL_ENABLE_DEBUG_INFO = NO;
				MTL_FAST_MATH = YES;
				SDKROOT = iphoneos;
				SWIFT_COMPILATION_MODE = wholemodule;
				SWIFT_OPTIMIZATION_LEVEL = "-O";
				VALIDATE_PRODUCT = YES;
			};
			name = Release;
		};
		74EC1ECF281E1C7500C06E39 /* Debug */ = {
			isa = XCBuildConfiguration;
			baseConfigurationReference = F8AF58B3750220101B763975 /* Pods-SaryTask.debug.xcconfig */;
			buildSettings = {
				ASSETCATALOG_COMPILER_APPICON_NAME = AppIcon;
				ASSETCATALOG_COMPILER_GLOBAL_ACCENT_COLOR_NAME = AccentColor;
				CODE_SIGN_STYLE = Automatic;
				CURRENT_PROJECT_VERSION = 1;
				GENERATE_INFOPLIST_FILE = YES;
				INFOPLIST_FILE = SaryTask/Info.plist;
				INFOPLIST_KEY_UIApplicationSupportsIndirectInputEvents = YES;
				INFOPLIST_KEY_UILaunchStoryboardName = LaunchScreen;
				INFOPLIST_KEY_UISupportedInterfaceOrientations = UIInterfaceOrientationPortrait;
				INFOPLIST_KEY_UISupportedInterfaceOrientations_iPad = "UIInterfaceOrientationPortrait UIInterfaceOrientationPortraitUpsideDown UIInterfaceOrientationLandscapeLeft UIInterfaceOrientationLandscapeRight";
				INFOPLIST_KEY_UISupportedInterfaceOrientations_iPhone = "UIInterfaceOrientationPortrait UIInterfaceOrientationLandscapeLeft UIInterfaceOrientationLandscapeRight";
				IPHONEOS_DEPLOYMENT_TARGET = 11.0;
				LD_RUNPATH_SEARCH_PATHS = (
					"$(inherited)",
					"@executable_path/Frameworks",
				);
				MARKETING_VERSION = 1.0;
				PRODUCT_BUNDLE_IDENTIFIER = Sary.SaryTask;
				PRODUCT_NAME = "$(TARGET_NAME)";
				SWIFT_EMIT_LOC_STRINGS = YES;
				SWIFT_VERSION = 5.0;
				TARGETED_DEVICE_FAMILY = 1;
			};
			name = Debug;
		};
		74EC1ED0281E1C7500C06E39 /* Release */ = {
			isa = XCBuildConfiguration;
			baseConfigurationReference = 610ACB234FBE2FEBEBAEB862 /* Pods-SaryTask.release.xcconfig */;
			buildSettings = {
				ASSETCATALOG_COMPILER_APPICON_NAME = AppIcon;
				ASSETCATALOG_COMPILER_GLOBAL_ACCENT_COLOR_NAME = AccentColor;
				CODE_SIGN_STYLE = Automatic;
				CURRENT_PROJECT_VERSION = 1;
				GENERATE_INFOPLIST_FILE = YES;
				INFOPLIST_FILE = SaryTask/Info.plist;
				INFOPLIST_KEY_UIApplicationSupportsIndirectInputEvents = YES;
				INFOPLIST_KEY_UILaunchStoryboardName = LaunchScreen;
				INFOPLIST_KEY_UISupportedInterfaceOrientations = UIInterfaceOrientationPortrait;
				INFOPLIST_KEY_UISupportedInterfaceOrientations_iPad = "UIInterfaceOrientationPortrait UIInterfaceOrientationPortraitUpsideDown UIInterfaceOrientationLandscapeLeft UIInterfaceOrientationLandscapeRight";
				INFOPLIST_KEY_UISupportedInterfaceOrientations_iPhone = "UIInterfaceOrientationPortrait UIInterfaceOrientationLandscapeLeft UIInterfaceOrientationLandscapeRight";
				IPHONEOS_DEPLOYMENT_TARGET = 11.0;
				LD_RUNPATH_SEARCH_PATHS = (
					"$(inherited)",
					"@executable_path/Frameworks",
				);
				MARKETING_VERSION = 1.0;
				PRODUCT_BUNDLE_IDENTIFIER = Sary.SaryTask;
				PRODUCT_NAME = "$(TARGET_NAME)";
				SWIFT_EMIT_LOC_STRINGS = YES;
				SWIFT_VERSION = 5.0;
				TARGETED_DEVICE_FAMILY = 1;
			};
			name = Release;
		};
/* End XCBuildConfiguration section */

/* Begin XCConfigurationList section */
		7447AFE2281F4FCF00A4E9C8 /* Build configuration list for PBXNativeTarget "SaryTaskTests" */ = {
			isa = XCConfigurationList;
			buildConfigurations = (
				7447AFE3281F4FCF00A4E9C8 /* Debug */,
				7447AFE4281F4FCF00A4E9C8 /* Release */,
			);
			defaultConfigurationIsVisible = 0;
			defaultConfigurationName = Release;
		};
		74EC1EB5281E1C7300C06E39 /* Build configuration list for PBXProject "SaryTask" */ = {
			isa = XCConfigurationList;
			buildConfigurations = (
				74EC1ECC281E1C7500C06E39 /* Debug */,
				74EC1ECD281E1C7500C06E39 /* Release */,
			);
			defaultConfigurationIsVisible = 0;
			defaultConfigurationName = Release;
		};
		74EC1ECE281E1C7500C06E39 /* Build configuration list for PBXNativeTarget "SaryTask" */ = {
			isa = XCConfigurationList;
			buildConfigurations = (
				74EC1ECF281E1C7500C06E39 /* Debug */,
				74EC1ED0281E1C7500C06E39 /* Release */,
			);
			defaultConfigurationIsVisible = 0;
			defaultConfigurationName = Release;
		};
/* End XCConfigurationList section */
	};
	rootObject = 74EC1EB2281E1C7300C06E39 /* Project object */;
}
